
Microsoft Visual Studio Solution File, Format Version 12.00
# Visual Studio Version 17
VisualStudioVersion = 17.10.35013.160
MinimumVisualStudioVersion = 10.0.40219.1
Project("{FAE04EC0-301F-11D3-BF4B-00C04F79EFBC}") = "ContosoUniversity", "ContosoUniversity\ContosoUniversity.csproj", "{819F91D3-265D-4C4F-95BB-D239CFF9D382}"
EndProject
Global
	GlobalSection(SolutionConfigurationPlatforms) = preSolution
		Debug|Any CPU = Debug|Any CPU
		Release|Any CPU = Release|Any CPU
	EndGlobalSection
	GlobalSection(ProjectConfigurationPlatforms) = postSolution
		{819F91D3-265D-4C4F-95BB-D239CFF9D382}.Debug|Any CPU.ActiveCfg = Debug|Any CPU
		{819F91D3-265D-4C4F-95BB-D239CFF9D382}.Debug|Any CPU.Build.0 = Debug|Any CPU
		{819F91D3-265D-4C4F-95BB-D239CFF9D382}.Release|Any CPU.ActiveCfg = Release|Any CPU
		{819F91D3-265D-4C4F-95BB-D239CFF9D382}.Release|Any CPU.Build.0 = Release|Any CPU
	EndGlobalSection
	GlobalSection(SolutionProperties) = preSolution
		HideSolutionNode = FALSE
	EndGlobalSection
	GlobalSection(ExtensibilityGlobals) = postSolution
		SolutionGuid = {2278FB8E-5C8E-4E3C-B026-BD2A56B071A3}
	EndGlobalSection
EndGlobal
